Microsoft Visual Studio Solution File, Format Version 11.00
# Visual Studio 2008

Project("{9D651F2A-4220-A551-1396-E42C31920DF9}") = "CJY_Terrain", "Assembly-CSharp-firstpass.csproj", "{AE04C75B-811F-F77F-EC31-BE4306B05063}"
EndProject
Project("{9D651F2A-4220-A551-1396-E42C31920DF9}") = "CJY_Terrain", "Assembly-UnityScript-firstpass.unityproj", "{23B407E9-540F-4246-003F-8C8224F75AEA}"
EndProject
Project("{9D651F2A-4220-A551-1396-E42C31920DF9}") = "CJY_Terrain", "Assembly-UnityScript.unityproj", "{C60644D5-6A56-1BED-E603-E344F2D58A76}"
EndProject
Global
	GlobalSection(SolutionConfigurationPlatforms) = preSolution
		Debug|Any CPU = Debug|Any CPU
		Release|Any CPU = Release|Any CPU
	EndGlobalSection
	GlobalSection(ProjectConfigurationPlatforms) = postSolution
		{AE04C75B-811F-F77F-EC31-BE4306B05063}.Debug|Any CPU.ActiveCfg = Debug|Any CPU
		{AE04C75B-811F-F77F-EC31-BE4306B05063}.Debug|Any CPU.Build.0 = Debug|Any CPU
		{AE04C75B-811F-F77F-EC31-BE4306B05063}.Release|Any CPU.ActiveCfg = Release|Any CPU
		{AE04C75B-811F-F77F-EC31-BE4306B05063}.Release|Any CPU.Build.0 = Release|Any CPU
		{23B407E9-540F-4246-003F-8C8224F75AEA}.Debug|Any CPU.ActiveCfg = Debug|Any CPU
		{23B407E9-540F-4246-003F-8C8224F75AEA}.Debug|Any CPU.Build.0 = Debug|Any CPU
		{23B407E9-540F-4246-003F-8C8224F75AEA}.Release|Any CPU.ActiveCfg = Release|Any CPU
		{23B407E9-540F-4246-003F-8C8224F75AEA}.Release|Any CPU.Build.0 = Release|Any CPU
		{C60644D5-6A56-1BED-E603-E344F2D58A76}.Debug|Any CPU.ActiveCfg = Debug|Any CPU
		{C60644D5-6A56-1BED-E603-E344F2D58A76}.Debug|Any CPU.Build.0 = Debug|Any CPU
		{C60644D5-6A56-1BED-E603-E344F2D58A76}.Release|Any CPU.ActiveCfg = Release|Any CPU
		{C60644D5-6A56-1BED-E603-E344F2D58A76}.Release|Any CPU.Build.0 = Release|Any CPU
	EndGlobalSection
	GlobalSection(SolutionProperties) = preSolution
		HideSolutionNode = FALSE
	EndGlobalSection
												GlobalSection(MonoDevelopProperties) = preSolution
		StartupItem = Assembly-CSharp.csproj
		Policies = $0
		$0.TextStylePolicy = $1
		$1.inheritsSet = null
		$1.scope = text/x-csharp
		$0.CSharpFormattingPolicy = $2
		$2.inheritsSet = Mono
		$2.inheritsScope = text/x-csharp
		$2.scope = text/x-csharp
		$0.TextStylePolicy = $3
		$3.FileWidth = 120
		$3.TabWidth = 4
		$3.EolMarker = Unix
		$3.inheritsSet = Mono
		$3.inheritsScope = text/plain
		$3.scope = text/plain
	EndGlobalSection

EndGlobal
